{
  "name": "redis-q-worker",
  "version": "1.0.1",
  "lockfileVersion": 1,
  "requires": true,
  "dependencies": {
    "dateformat": {
      "version": "3.0.3",
      "resolved": "https://registry.npmjs.org/dateformat/-/dateformat-3.0.3.tgz",
      "integrity": "sha512-jyCETtSl3VMZMWeRo7iY1FL19ges1t55hMo5yaam4Jrsm5EPL89UQkoQRyiI+Yf4k8r2ZpdngkV8hr1lIdjb3Q=="
    },
    "object-projection": {
      "version": "1.0.3",
      "resolved": "https://registry.npmjs.org/object-projection/-/object-projection-1.0.3.tgz",
      "integrity": "sha512-j+ZUWPwipIhOwJZ2HV5oRMWp+dWCSp9yf2FvZaJ9U5aeYgMSIJCQ0SibdYfrMx42h3aD0RkGTiQYKX6UiOiwgw==",
      "requires": {
        "dateformat": "^3.0.3"
      }
    }
  }
}
